// !$*UTF8*$!
{
	archiveVersion = 1;
	classes = {
	};
	objectVersion = 56;
	objects = {

/* Begin PBXBuildFile section */
		3BF5A448C2D320F0E5564BF8 /* Pods_sampleTests.framework in Frameworks */ = {isa = PBXBuildFile; fileRef = A6E906298DCBFC7DFC28D698 /* Pods_sampleTests.framework */; };
		9A69002328FDC4BA00F591F8 /* StorageManagerTests.swift in Sources */ = {isa = PBXBuildFile; fileRef = 9A69002228FDC4BA00F591F8 /* StorageManagerTests.swift */; };
		9A69002728FDCE3500F591F8 /* EditProfileViewController.swift in Sources */ = {isa = PBXBuildFile; fileRef = 9A69002528FDCE3500F591F8 /* EditProfileViewController.swift */; };
		9A69002828FDCE3500F591F8 /* EditProfileViewController.xib in Resources */ = {isa = PBXBuildFile; fileRef = 9A69002628FDCE3500F591F8 /* EditProfileViewController.xib */; };
		9A69002A28FDD03E00F591F8 /* EditProfilePresenter.swift in Sources */ = {isa = PBXBuildFile; fileRef = 9A69002928FDD03E00F591F8 /* EditProfilePresenter.swift */; };
		9A69002C28FDD4C200F591F8 /* EditProfileRouter.swift in Sources */ = {isa = PBXBuildFile; fileRef = 9A69002B28FDD4C200F591F8 /* EditProfileRouter.swift */; };
		9A69002E28FEF1EA00F591F8 /* DatabaseManager.swift in Sources */ = {isa = PBXBuildFile; fileRef = 9A69002D28FEF1EA00F591F8 /* DatabaseManager.swift */; };
		9A69003228FEF7B900F591F8 /* DatabaseManagerTests.swift in Sources */ = {isa = PBXBuildFile; fileRef = 9A69003128FEF7B900F591F8 /* DatabaseManagerTests.swift */; };
		9A69003428FF007600F591F8 /* CustomUser.swift in Sources */ = {isa = PBXBuildFile; fileRef = 9A69003328FF007600F591F8 /* CustomUser.swift */; };
		9A749F8928F5FD5900D06253 /* RegisterRouterProtocol.swift in Sources */ = {isa = PBXBuildFile; fileRef = 9A749F8828F5FD5900D06253 /* RegisterRouterProtocol.swift */; };
		9A749F8E28F5FE8E00D06253 /* EmailLoginViewController.swift in Sources */ = {isa = PBXBuildFile; fileRef = 9A749F8C28F5FE8E00D06253 /* EmailLoginViewController.swift */; };
		9A749F8F28F5FE8E00D06253 /* EmailLoginViewController.xib in Resources */ = {isa = PBXBuildFile; fileRef = 9A749F8D28F5FE8E00D06253 /* EmailLoginViewController.xib */; };
		9A749F9328F5FF7900D06253 /* SplashViewController.swift in Sources */ = {isa = PBXBuildFile; fileRef = 9A749F9128F5FF7900D06253 /* SplashViewController.swift */; };
		9A749F9428F5FF7900D06253 /* SplashViewController.xib in Resources */ = {isa = PBXBuildFile; fileRef = 9A749F9228F5FF7900D06253 /* SplashViewController.xib */; };
		9A749F9628F6003F00D06253 /* SplashRouter.swift in Sources */ = {isa = PBXBuildFile; fileRef = 9A749F9528F6003F00D06253 /* SplashRouter.swift */; };
		9A749F9828F6076C00D06253 /* SplashPresenter.swift in Sources */ = {isa = PBXBuildFile; fileRef = 9A749F9728F6076C00D06253 /* SplashPresenter.swift */; };
		9A749F9A28F607CB00D06253 /* SplashInteractor.swift in Sources */ = {isa = PBXBuildFile; fileRef = 9A749F9928F607CB00D06253 /* SplashInteractor.swift */; };
		9A749F9D28F639DA00D06253 /* HomeViewController.swift in Sources */ = {isa = PBXBuildFile; fileRef = 9A749F9B28F639DA00D06253 /* HomeViewController.swift */; };
		9A749F9E28F639DA00D06253 /* HomeViewController.xib in Resources */ = {isa = PBXBuildFile; fileRef = 9A749F9C28F639DA00D06253 /* HomeViewController.xib */; };
		9A749FA028F6EEA800D06253 /* LoginPresenter.swift in Sources */ = {isa = PBXBuildFile; fileRef = 9A749F9F28F6EEA800D06253 /* LoginPresenter.swift */; };
		9A749FA228F6EEB300D06253 /* LoginInteractor.swift in Sources */ = {isa = PBXBuildFile; fileRef = 9A749FA128F6EEB300D06253 /* LoginInteractor.swift */; };
		9A749FA428F6F2FE00D06253 /* LoginRouter.swift in Sources */ = {isa = PBXBuildFile; fileRef = 9A749FA328F6F2FE00D06253 /* LoginRouter.swift */; };
		9A749FA628F6F5E500D06253 /* UIViewController+Extension.swift in Sources */ = {isa = PBXBuildFile; fileRef = 9A749FA528F6F5E500D06253 /* UIViewController+Extension.swift */; };
		9A749FA828F7331900D06253 /* HomePresenter.swift in Sources */ = {isa = PBXBuildFile; fileRef = 9A749FA728F7331900D06253 /* HomePresenter.swift */; };
		9A749FAA28F7333500D06253 /* HomeInteractor.swift in Sources */ = {isa = PBXBuildFile; fileRef = 9A749FA928F7333500D06253 /* HomeInteractor.swift */; };
		9A749FAC28F7335400D06253 /* HomeRouter.swift in Sources */ = {isa = PBXBuildFile; fileRef = 9A749FAB28F7335400D06253 /* HomeRouter.swift */; };
		9A749FAE28F7352400D06253 /* ApodHTTPClient.swift in Sources */ = {isa = PBXBuildFile; fileRef = 9A749FAD28F7352400D06253 /* ApodHTTPClient.swift */; };
		9A749FB028F737E400D06253 /* Post.swift in Sources */ = {isa = PBXBuildFile; fileRef = 9A749FAF28F737E400D06253 /* Post.swift */; };
		9A749FB428F7410B00D06253 /* HomePostTableViewCell.swift in Sources */ = {isa = PBXBuildFile; fileRef = 9A749FB228F7410B00D06253 /* HomePostTableViewCell.swift */; };
		9A749FB528F7410B00D06253 /* HomePostTableViewCell.xib in Resources */ = {isa = PBXBuildFile; fileRef = 9A749FB328F7410B00D06253 /* HomePostTableViewCell.xib */; };
		9A749FBA28F74D2700D06253 /* SideMenuViewController.swift in Sources */ = {isa = PBXBuildFile; fileRef = 9A749FB828F74D2700D06253 /* SideMenuViewController.swift */; };
		9A749FBB28F74D2700D06253 /* SideMenuViewController.xib in Resources */ = {isa = PBXBuildFile; fileRef = 9A749FB928F74D2700D06253 /* SideMenuViewController.xib */; };
		9A749FBE28F8441300D06253 /* SideMenuPresenter.swift in Sources */ = {isa = PBXBuildFile; fileRef = 9A749FBD28F8441300D06253 /* SideMenuPresenter.swift */; };
		9A749FC028F8441F00D06253 /* SideMenuRouter.swift in Sources */ = {isa = PBXBuildFile; fileRef = 9A749FBF28F8441F00D06253 /* SideMenuRouter.swift */; };
		9A749FC328F84DF600D06253 /* ApodDetailViewController.swift in Sources */ = {isa = PBXBuildFile; fileRef = 9A749FC128F84DF600D06253 /* ApodDetailViewController.swift */; };
		9A749FC428F84DF600D06253 /* ApodDetailViewController.xib in Resources */ = {isa = PBXBuildFile; fileRef = 9A749FC228F84DF600D06253 /* ApodDetailViewController.xib */; };
		9A749FC628F84FA500D06253 /* ApodDetailPresenter.swift in Sources */ = {isa = PBXBuildFile; fileRef = 9A749FC528F84FA500D06253 /* ApodDetailPresenter.swift */; };
		9A749FC928F8603F00D06253 /* Textfields.swift in Sources */ = {isa = PBXBuildFile; fileRef = 9A749FC828F8603F00D06253 /* Textfields.swift */; };
		9A749FCB28F8898F00D06253 /* StorageManager.swift in Sources */ = {isa = PBXBuildFile; fileRef = 9A749FCA28F8898F00D06253 /* StorageManager.swift */; };
		9A7CBECA2900478300436F85 /* Utils.swift in Sources */ = {isa = PBXBuildFile; fileRef = 9A7CBEC92900478300436F85 /* Utils.swift */; };
		9A86E8692900ACD300C7A5A9 /* KeyboardNotificationHandler.swift in Sources */ = {isa = PBXBuildFile; fileRef = 9A86E8682900ACD300C7A5A9 /* KeyboardNotificationHandler.swift */; };
		9A9A88012901D71E0044B871 /* UIImage+Extension.swift in Sources */ = {isa = PBXBuildFile; fileRef = 9A9A88002901D71E0044B871 /* UIImage+Extension.swift */; };
		9A9A88032901DD370044B871 /* GoogleService-Info.plist in Resources */ = {isa = PBXBuildFile; fileRef = 9A9A88022901DD360044B871 /* GoogleService-Info.plist */; };
		9A9C30AB28EE081A00015B19 /* AppDelegate.swift in Sources */ = {isa = PBXBuildFile; fileRef = 9A9C30AA28EE081A00015B19 /* AppDelegate.swift */; };
		9A9C30AD28EE081A00015B19 /* SceneDelegate.swift in Sources */ = {isa = PBXBuildFile; fileRef = 9A9C30AC28EE081A00015B19 /* SceneDelegate.swift */; };
		9A9C30B428EE081B00015B19 /* Assets.xcassets in Resources */ = {isa = PBXBuildFile; fileRef = 9A9C30B328EE081B00015B19 /* Assets.xcassets */; };
		9A9C30B728EE081B00015B19 /* LaunchScreen.storyboard in Resources */ = {isa = PBXBuildFile; fileRef = 9A9C30B528EE081B00015B19 /* LaunchScreen.storyboard */; };
		9A9C30E928EE2D1500015B19 /* RegisterViewController.swift in Sources */ = {isa = PBXBuildFile; fileRef = 9A9C30E728EE2D1500015B19 /* RegisterViewController.swift */; };
		9A9C30EA28EE2D1500015B19 /* RegisterViewController.xib in Resources */ = {isa = PBXBuildFile; fileRef = 9A9C30E828EE2D1500015B19 /* RegisterViewController.xib */; };
		9A9C30EC28EE2D2200015B19 /* RegisterInteractor.swift in Sources */ = {isa = PBXBuildFile; fileRef = 9A9C30EB28EE2D2200015B19 /* RegisterInteractor.swift */; };
		9A9C30EE28EE2D3400015B19 /* RegisterPresenter.swift in Sources */ = {isa = PBXBuildFile; fileRef = 9A9C30ED28EE2D3400015B19 /* RegisterPresenter.swift */; };
		9A9C30F028EE2D5100015B19 /* RegisterRouter.swift in Sources */ = {isa = PBXBuildFile; fileRef = 9A9C30EF28EE2D5100015B19 /* RegisterRouter.swift */; };
		9AA14FA828EE4BDC006A3BDF /* FirebaseAuthManager.swift in Sources */ = {isa = PBXBuildFile; fileRef = 9AA14FA728EE4BDC006A3BDF /* FirebaseAuthManager.swift */; };
		9AA14FAB28EE56D4006A3BDF /* FirebaseAuthManagerTests.swift in Sources */ = {isa = PBXBuildFile; fileRef = 9AA14FAA28EE56D4006A3BDF /* FirebaseAuthManagerTests.swift */; };
		9AA14FAD28EE61BD006A3BDF /* RegisterPresenterTests.swift in Sources */ = {isa = PBXBuildFile; fileRef = 9AA14FAC28EE61BD006A3BDF /* RegisterPresenterTests.swift */; };
		9AA14FAF28EE64E6006A3BDF /* RegisterInteractorTests.swift in Sources */ = {isa = PBXBuildFile; fileRef = 9AA14FAE28EE64E6006A3BDF /* RegisterInteractorTests.swift */; };
		9AA14FB128EEF99B006A3BDF /* MockFirebaseAuthManager.swift in Sources */ = {isa = PBXBuildFile; fileRef = 9AA14FB028EEF99B006A3BDF /* MockFirebaseAuthManager.swift */; };
		9AA14FB328EEF9D3006A3BDF /* MockRegisterPresenter.swift in Sources */ = {isa = PBXBuildFile; fileRef = 9AA14FB228EEF9D3006A3BDF /* MockRegisterPresenter.swift */; };
		9AB7CB0228F05A5A00C2F47A /* RegisterPresenterProtocol.swift in Sources */ = {isa = PBXBuildFile; fileRef = 9AB7CB0128F05A5A00C2F47A /* RegisterPresenterProtocol.swift */; };
		9AB7CB0428F05AC200C2F47A /* RegisterInteractorProtocol.swift in Sources */ = {isa = PBXBuildFile; fileRef = 9AB7CB0328F05AC200C2F47A /* RegisterInteractorProtocol.swift */; };
		9AB7CB0628F05AEE00C2F47A /* RegisterViewProtocol.swift in Sources */ = {isa = PBXBuildFile; fileRef = 9AB7CB0528F05AEE00C2F47A /* RegisterViewProtocol.swift */; };
		9AB7CB0928F0802200C2F47A /* Buttons.swift in Sources */ = {isa = PBXBuildFile; fileRef = 9AB7CB0828F0802200C2F47A /* Buttons.swift */; };
		9AB96BE52902E0EF00A3BB55 /* SideMenuSwitchOptionView.xib in Resources */ = {isa = PBXBuildFile; fileRef = 9AB96BE42902E0EF00A3BB55 /* SideMenuSwitchOptionView.xib */; };
		9AB96BE72902E17000A3BB55 /* SideMenuSwitchOptionView.swift in Sources */ = {isa = PBXBuildFile; fileRef = 9AB96BE62902E17000A3BB55 /* SideMenuSwitchOptionView.swift */; };
		9AD9C34528F5B0C500CEE4ED /* RegisterDataValidator.swift in Sources */ = {isa = PBXBuildFile; fileRef = 9AD9C34428F5B0C500CEE4ED /* RegisterDataValidator.swift */; };
		E01085AEA8ECCDD46425FF47 /* Pods_sample.framework in Frameworks */ = {isa = PBXBuildFile; fileRef = 9756AAE6E019706BCFC6AEC3 /* Pods_sample.framework */; };
/* End PBXBuildFile section */

/* Begin PBXContainerItemProxy section */
		9A9C30BE28EE081B00015B19 /* PBXContainerItemProxy */ = {
			isa = PBXContainerItemProxy;
			containerPortal = 9A9C309F28EE081A00015B19 /* Project object */;
			proxyType = 1;
			remoteGlobalIDString = 9A9C30A628EE081A00015B19;
			remoteInfo = sample;
		};
/* End PBXContainerItemProxy section */

/* Begin PBXFileReference section */
		11EC830051725B8FD2FE5729 /* Pods-sample-sampleUITests.release.xcconfig */ = {isa = PBXFileReference; includeInIndex = 1; lastKnownFileType = text.xcconfig; name = "Pods-sample-sampleUITests.release.xcconfig"; path = "Target Support Files/Pods-sample-sampleUITests/Pods-sample-sampleUITests.release.xcconfig"; sourceTree = "<group>"; };
		481E0AF7403A9048177212E3 /* Pods-sample-sampleUITests.debug.xcconfig */ = {isa = PBXFileReference; includeInIndex = 1; lastKnownFileType = text.xcconfig; name = "Pods-sample-sampleUITests.debug.xcconfig"; path = "Target Support Files/Pods-sample-sampleUITests/Pods-sample-sampleUITests.debug.xcconfig"; sourceTree = "<group>"; };
		58D1C89E283BF3C406450614 /* Pods_sample_sampleUITests.framework */ = {isa = PBXFileReference; explicitFileType = wrapper.framework; includeInIndex = 0; path = Pods_sample_sampleUITests.framework; sourceTree = BUILT_PRODUCTS_DIR; };
		9756AAE6E019706BCFC6AEC3 /* Pods_sample.framework */ = {isa = PBXFileReference; explicitFileType = wrapper.framework; includeInIndex = 0; path = Pods_sample.framework; sourceTree = BUILT_PRODUCTS_DIR; };
		9A69002228FDC4BA00F591F8 /* StorageManagerTests.swift */ = {isa = PBXFileReference; lastKnownFileType = sourcecode.swift; path = StorageManagerTests.swift; sourceTree = "<group>"; };
		9A69002528FDCE3500F591F8 /* EditProfileViewController.swift */ = {isa = PBXFileReference; lastKnownFileType = sourcecode.swift; path = EditProfileViewController.swift; sourceTree = "<group>"; };
		9A69002628FDCE3500F591F8 /* EditProfileViewController.xib */ = {isa = PBXFileReference; lastKnownFileType = file.xib; path = EditProfileViewController.xib; sourceTree = "<group>"; };
		9A69002928FDD03E00F591F8 /* EditProfilePresenter.swift */ = {isa = PBXFileReference; lastKnownFileType = sourcecode.swift; path = EditProfilePresenter.swift; sourceTree = "<group>"; };
		9A69002B28FDD4C200F591F8 /* EditProfileRouter.swift */ = {isa = PBXFileReference; lastKnownFileType = sourcecode.swift; path = EditProfileRouter.swift; sourceTree = "<group>"; };
		9A69002D28FEF1EA00F591F8 /* DatabaseManager.swift */ = {isa = PBXFileReference; lastKnownFileType = sourcecode.swift; path = DatabaseManager.swift; sourceTree = "<group>"; };
		9A69003128FEF7B900F591F8 /* DatabaseManagerTests.swift */ = {isa = PBXFileReference; lastKnownFileType = sourcecode.swift; path = DatabaseManagerTests.swift; sourceTree = "<group>"; };
		9A69003328FF007600F591F8 /* CustomUser.swift */ = {isa = PBXFileReference; lastKnownFileType = sourcecode.swift; path = CustomUser.swift; sourceTree = "<group>"; };
		9A749F8828F5FD5900D06253 /* RegisterRouterProtocol.swift */ = {isa = PBXFileReference; lastKnownFileType = sourcecode.swift; path = RegisterRouterProtocol.swift; sourceTree = "<group>"; };
		9A749F8C28F5FE8E00D06253 /* EmailLoginViewController.swift */ = {isa = PBXFileReference; lastKnownFileType = sourcecode.swift; path = EmailLoginViewController.swift; sourceTree = "<group>"; };
		9A749F8D28F5FE8E00D06253 /* EmailLoginViewController.xib */ = {isa = PBXFileReference; lastKnownFileType = file.xib; path = EmailLoginViewController.xib; sourceTree = "<group>"; };
		9A749F9128F5FF7900D06253 /* SplashViewController.swift */ = {isa = PBXFileReference; lastKnownFileType = sourcecode.swift; path = SplashViewController.swift; sourceTree = "<group>"; };
		9A749F9228F5FF7900D06253 /* SplashViewController.xib */ = {isa = PBXFileReference; lastKnownFileType = file.xib; path = SplashViewController.xib; sourceTree = "<group>"; };
		9A749F9528F6003F00D06253 /* SplashRouter.swift */ = {isa = PBXFileReference; lastKnownFileType = sourcecode.swift; path = SplashRouter.swift; sourceTree = "<group>"; };
		9A749F9728F6076C00D06253 /* SplashPresenter.swift */ = {isa = PBXFileReference; lastKnownFileType = sourcecode.swift; path = SplashPresenter.swift; sourceTree = "<group>"; };
		9A749F9928F607CB00D06253 /* SplashInteractor.swift */ = {isa = PBXFileReference; lastKnownFileType = sourcecode.swift; path = SplashInteractor.swift; sourceTree = "<group>"; };
		9A749F9B28F639DA00D06253 /* HomeViewController.swift */ = {isa = PBXFileReference; lastKnownFileType = sourcecode.swift; path = HomeViewController.swift; sourceTree = "<group>"; };
		9A749F9C28F639DA00D06253 /* HomeViewController.xib */ = {isa = PBXFileReference; lastKnownFileType = file.xib; path = HomeViewController.xib; sourceTree = "<group>"; };
		9A749F9F28F6EEA800D06253 /* LoginPresenter.swift */ = {isa = PBXFileReference; lastKnownFileType = sourcecode.swift; path = LoginPresenter.swift; sourceTree = "<group>"; };
		9A749FA128F6EEB300D06253 /* LoginInteractor.swift */ = {isa = PBXFileReference; lastKnownFileType = sourcecode.swift; path = LoginInteractor.swift; sourceTree = "<group>"; };
		9A749FA328F6F2FE00D06253 /* LoginRouter.swift */ = {isa = PBXFileReference; lastKnownFileType = sourcecode.swift; path = LoginRouter.swift; sourceTree = "<group>"; };
		9A749FA528F6F5E500D06253 /* UIViewController+Extension.swift */ = {isa = PBXFileReference; lastKnownFileType = sourcecode.swift; path = "UIViewController+Extension.swift"; sourceTree = "<group>"; };
		9A749FA728F7331900D06253 /* HomePresenter.swift */ = {isa = PBXFileReference; lastKnownFileType = sourcecode.swift; path = HomePresenter.swift; sourceTree = "<group>"; };
		9A749FA928F7333500D06253 /* HomeInteractor.swift */ = {isa = PBXFileReference; lastKnownFileType = sourcecode.swift; path = HomeInteractor.swift; sourceTree = "<group>"; };
		9A749FAB28F7335400D06253 /* HomeRouter.swift */ = {isa = PBXFileReference; lastKnownFileType = sourcecode.swift; path = HomeRouter.swift; sourceTree = "<group>"; };
		9A749FAD28F7352400D06253 /* ApodHTTPClient.swift */ = {isa = PBXFileReference; lastKnownFileType = sourcecode.swift; path = ApodHTTPClient.swift; sourceTree = "<group>"; };
		9A749FAF28F737E400D06253 /* Post.swift */ = {isa = PBXFileReference; lastKnownFileType = sourcecode.swift; path = Post.swift; sourceTree = "<group>"; };
		9A749FB228F7410B00D06253 /* HomePostTableViewCell.swift */ = {isa = PBXFileReference; lastKnownFileType = sourcecode.swift; path = HomePostTableViewCell.swift; sourceTree = "<group>"; };
		9A749FB328F7410B00D06253 /* HomePostTableViewCell.xib */ = {isa = PBXFileReference; lastKnownFileType = file.xib; path = HomePostTableViewCell.xib; sourceTree = "<group>"; };
		9A749FB828F74D2700D06253 /* SideMenuViewController.swift */ = {isa = PBXFileReference; lastKnownFileType = sourcecode.swift; path = SideMenuViewController.swift; sourceTree = "<group>"; };
		9A749FB928F74D2700D06253 /* SideMenuViewController.xib */ = {isa = PBXFileReference; lastKnownFileType = file.xib; path = SideMenuViewController.xib; sourceTree = "<group>"; };
		9A749FBD28F8441300D06253 /* SideMenuPresenter.swift */ = {isa = PBXFileReference; lastKnownFileType = sourcecode.swift; path = SideMenuPresenter.swift; sourceTree = "<group>"; };
		9A749FBF28F8441F00D06253 /* SideMenuRouter.swift */ = {isa = PBXFileReference; lastKnownFileType = sourcecode.swift; path = SideMenuRouter.swift; sourceTree = "<group>"; };
		9A749FC128F84DF600D06253 /* ApodDetailViewController.swift */ = {isa = PBXFileReference; lastKnownFileType = sourcecode.swift; path = ApodDetailViewController.swift; sourceTree = "<group>"; };
		9A749FC228F84DF600D06253 /* ApodDetailViewController.xib */ = {isa = PBXFileReference; lastKnownFileType = file.xib; path = ApodDetailViewController.xib; sourceTree = "<group>"; };
		9A749FC528F84FA500D06253 /* ApodDetailPresenter.swift */ = {isa = PBXFileReference; lastKnownFileType = sourcecode.swift; path = ApodDetailPresenter.swift; sourceTree = "<group>"; };
		9A749FC828F8603F00D06253 /* Textfields.swift */ = {isa = PBXFileReference; lastKnownFileType = sourcecode.swift; path = Textfields.swift; sourceTree = "<group>"; };
		9A749FCA28F8898F00D06253 /* StorageManager.swift */ = {isa = PBXFileReference; lastKnownFileType = sourcecode.swift; path = StorageManager.swift; sourceTree = "<group>"; };
		9A7CBEC92900478300436F85 /* Utils.swift */ = {isa = PBXFileReference; lastKnownFileType = sourcecode.swift; path = Utils.swift; sourceTree = "<group>"; };
		9A86E8682900ACD300C7A5A9 /* KeyboardNotificationHandler.swift */ = {isa = PBXFileReference; lastKnownFileType = sourcecode.swift; path = KeyboardNotificationHandler.swift; sourceTree = "<group>"; };
		9A9A88002901D71E0044B871 /* UIImage+Extension.swift */ = {isa = PBXFileReference; lastKnownFileType = sourcecode.swift; path = "UIImage+Extension.swift"; sourceTree = "<group>"; };
		9A9A88022901DD360044B871 /* GoogleService-Info.plist */ = {isa = PBXFileReference; fileEncoding = 4; lastKnownFileType = text.plist.xml; path = "GoogleService-Info.plist"; sourceTree = "<group>"; };
		9A9C30A728EE081A00015B19 /* sample.app */ = {isa = PBXFileReference; explicitFileType = wrapper.application; includeInIndex = 0; path = sample.app; sourceTree = BUILT_PRODUCTS_DIR; };
		9A9C30AA28EE081A00015B19 /* AppDelegate.swift */ = {isa = PBXFileReference; lastKnownFileType = sourcecode.swift; path = AppDelegate.swift; sourceTree = "<group>"; };
		9A9C30AC28EE081A00015B19 /* SceneDelegate.swift */ = {isa = PBXFileReference; lastKnownFileType = sourcecode.swift; path = SceneDelegate.swift; sourceTree = "<group>"; };
		9A9C30B328EE081B00015B19 /* Assets.xcassets */ = {isa = PBXFileReference; lastKnownFileType = folder.assetcatalog; path = Assets.xcassets; sourceTree = "<group>"; };
		9A9C30B628EE081B00015B19 /* Base */ = {isa = PBXFileReference; lastKnownFileType = file.storyboard; name = Base; path = Base.lproj/LaunchScreen.storyboard; sourceTree = "<group>"; };
		9A9C30B828EE081B00015B19 /* Info.plist */ = {isa = PBXFileReference; lastKnownFileType = text.plist.xml; path = Info.plist; sourceTree = "<group>"; };
		9A9C30BD28EE081B00015B19 /* sampleTests.xctest */ = {isa = PBXFileReference; explicitFileType = wrapper.cfbundle; includeInIndex = 0; path = sampleTests.xctest; sourceTree = BUILT_PRODUCTS_DIR; };
		9A9C30CB28EE081B00015B19 /* sampleUITests.swift */ = {isa = PBXFileReference; lastKnownFileType = sourcecode.swift; path = sampleUITests.swift; sourceTree = "<group>"; };
		9A9C30CD28EE081B00015B19 /* sampleUITestsLaunchTests.swift */ = {isa = PBXFileReference; lastKnownFileType = sourcecode.swift; path = sampleUITestsLaunchTests.swift; sourceTree = "<group>"; };
		9A9C30E728EE2D1500015B19 /* RegisterViewController.swift */ = {isa = PBXFileReference; lastKnownFileType = sourcecode.swift; path = RegisterViewController.swift; sourceTree = "<group>"; };
		9A9C30E828EE2D1500015B19 /* RegisterViewController.xib */ = {isa = PBXFileReference; lastKnownFileType = file.xib; path = RegisterViewController.xib; sourceTree = "<group>"; };
		9A9C30EB28EE2D2200015B19 /* RegisterInteractor.swift */ = {isa = PBXFileReference; lastKnownFileType = sourcecode.swift; path = RegisterInteractor.swift; sourceTree = "<group>"; };
		9A9C30ED28EE2D3400015B19 /* RegisterPresenter.swift */ = {isa = PBXFileReference; lastKnownFileType = sourcecode.swift; path = RegisterPresenter.swift; sourceTree = "<group>"; };
		9A9C30EF28EE2D5100015B19 /* RegisterRouter.swift */ = {isa = PBXFileReference; lastKnownFileType = sourcecode.swift; path = RegisterRouter.swift; sourceTree = "<group>"; };
		9AA14FA728EE4BDC006A3BDF /* FirebaseAuthManager.swift */ = {isa = PBXFileReference; lastKnownFileType = sourcecode.swift; path = FirebaseAuthManager.swift; sourceTree = "<group>"; };
		9AA14FAA28EE56D4006A3BDF /* FirebaseAuthManagerTests.swift */ = {isa = PBXFileReference; lastKnownFileType = sourcecode.swift; path = FirebaseAuthManagerTests.swift; sourceTree = "<group>"; };
		9AA14FAC28EE61BD006A3BDF /* RegisterPresenterTests.swift */ = {isa = PBXFileReference; lastKnownFileType = sourcecode.swift; path = RegisterPresenterTests.swift; sourceTree = "<group>"; };
		9AA14FAE28EE64E6006A3BDF /* RegisterInteractorTests.swift */ = {isa = PBXFileReference; lastKnownFileType = sourcecode.swift; path = RegisterInteractorTests.swift; sourceTree = "<group>"; };
		9AA14FB028EEF99B006A3BDF /* MockFirebaseAuthManager.swift */ = {isa = PBXFileReference; lastKnownFileType = sourcecode.swift; path = MockFirebaseAuthManager.swift; sourceTree = "<group>"; };
		9AA14FB228EEF9D3006A3BDF /* MockRegisterPresenter.swift */ = {isa = PBXFileReference; lastKnownFileType = sourcecode.swift; path = MockRegisterPresenter.swift; sourceTree = "<group>"; };
		9AB7CB0128F05A5A00C2F47A /* RegisterPresenterProtocol.swift */ = {isa = PBXFileReference; lastKnownFileType = sourcecode.swift; path = RegisterPresenterProtocol.swift; sourceTree = "<group>"; };
		9AB7CB0328F05AC200C2F47A /* RegisterInteractorProtocol.swift */ = {isa = PBXFileReference; lastKnownFileType = sourcecode.swift; path = RegisterInteractorProtocol.swift; sourceTree = "<group>"; };
		9AB7CB0528F05AEE00C2F47A /* RegisterViewProtocol.swift */ = {isa = PBXFileReference; lastKnownFileType = sourcecode.swift; path = RegisterViewProtocol.swift; sourceTree = "<group>"; };
		9AB7CB0828F0802200C2F47A /* Buttons.swift */ = {isa = PBXFileReference; lastKnownFileType = sourcecode.swift; path = Buttons.swift; sourceTree = "<group>"; };
		9AB96BE42902E0EF00A3BB55 /* SideMenuSwitchOptionView.xib */ = {isa = PBXFileReference; lastKnownFileType = file.xib; path = SideMenuSwitchOptionView.xib; sourceTree = "<group>"; };
		9AB96BE62902E17000A3BB55 /* SideMenuSwitchOptionView.swift */ = {isa = PBXFileReference; lastKnownFileType = sourcecode.swift; path = SideMenuSwitchOptionView.swift; sourceTree = "<group>"; };
		9AD9C34428F5B0C500CEE4ED /* RegisterDataValidator.swift */ = {isa = PBXFileReference; lastKnownFileType = sourcecode.swift; path = RegisterDataValidator.swift; sourceTree = "<group>"; };
		A65FC8D132205B508771C378 /* Pods-sampleTests.debug.xcconfig */ = {isa = PBXFileReference; includeInIndex = 1; lastKnownFileType = text.xcconfig; name = "Pods-sampleTests.debug.xcconfig"; path = "Target Support Files/Pods-sampleTests/Pods-sampleTests.debug.xcconfig"; sourceTree = "<group>"; };
		A6E906298DCBFC7DFC28D698 /* Pods_sampleTests.framework */ = {isa = PBXFileReference; explicitFileType = wrapper.framework; includeInIndex = 0; path = Pods_sampleTests.framework; sourceTree = BUILT_PRODUCTS_DIR; };
		A94E2F6E8BC377B9F165E9B9 /* Pods-sampleTests.release.xcconfig */ = {isa = PBXFileReference; includeInIndex = 1; lastKnownFileType = text.xcconfig; name = "Pods-sampleTests.release.xcconfig"; path = "Target Support Files/Pods-sampleTests/Pods-sampleTests.release.xcconfig"; sourceTree = "<group>"; };
		B4C504270917DBB6DF416FF5 /* Pods-sample.release.xcconfig */ = {isa = PBXFileReference; includeInIndex = 1; lastKnownFileType = text.xcconfig; name = "Pods-sample.release.xcconfig"; path = "Target Support Files/Pods-sample/Pods-sample.release.xcconfig"; sourceTree = "<group>"; };
		B95967AB811F782C409E90DB /* Pods-sample.debug.xcconfig */ = {isa = PBXFileReference; includeInIndex = 1; lastKnownFileType = text.xcconfig; name = "Pods-sample.debug.xcconfig"; path = "Target Support Files/Pods-sample/Pods-sample.debug.xcconfig"; sourceTree = "<group>"; };
/* End PBXFileReference section */

/* Begin PBXFrameworksBuildPhase section */
		9A9C30A428EE081A00015B19 /* Frameworks */ = {
			isa = PBXFrameworksBuildPhase;
			buildActionMask = 2147483647;
			files = (
				E01085AEA8ECCDD46425FF47 /* Pods_sample.framework in Frameworks */,
			);
			runOnlyForDeploymentPostprocessing = 0;
		};
		9A9C30BA28EE081B00015B19 /* Frameworks */ = {
			isa = PBXFrameworksBuildPhase;
			buildActionMask = 2147483647;
			files = (
				3BF5A448C2D320F0E5564BF8 /* Pods_sampleTests.framework in Frameworks */,
			);
			runOnlyForDeploymentPostprocessing = 0;
		};
/* End PBXFrameworksBuildPhase section */

/* Begin PBXGroup section */
		9A69002428FDCE1F00F591F8 /* EditProfile */ = {
			isa = PBXGroup;
			children = (
				9A69002528FDCE3500F591F8 /* EditProfileViewController.swift */,
				9A69002628FDCE3500F591F8 /* EditProfileViewController.xib */,
				9A69002928FDD03E00F591F8 /* EditProfilePresenter.swift */,
				9A69002B28FDD4C200F591F8 /* EditProfileRouter.swift */,
			);
			path = EditProfile;
			sourceTree = "<group>";
		};
		9A749F8228F5F90000D06253 /* Home */ = {
			isa = PBXGroup;
			children = (
			);
			path = Home;
			sourceTree = "<group>";
		};
		9A749F8328F5FCEE00D06253 /* View */ = {
			isa = PBXGroup;
			children = (
				9A9C30E728EE2D1500015B19 /* RegisterViewController.swift */,
				9A9C30E828EE2D1500015B19 /* RegisterViewController.xib */,
				9AB7CB0528F05AEE00C2F47A /* RegisterViewProtocol.swift */,
			);
			path = View;
			sourceTree = "<group>";
		};
		9A749F8428F5FD0200D06253 /* Interactor */ = {
			isa = PBXGroup;
			children = (
				9A9C30EB28EE2D2200015B19 /* RegisterInteractor.swift */,
				9AB7CB0328F05AC200C2F47A /* RegisterInteractorProtocol.swift */,
			);
			path = Interactor;
			sourceTree = "<group>";
		};
		9A749F8528F5FD1300D06253 /* Presenter */ = {
			isa = PBXGroup;
			children = (
				9A9C30ED28EE2D3400015B19 /* RegisterPresenter.swift */,
				9AB7CB0128F05A5A00C2F47A /* RegisterPresenterProtocol.swift */,
			);
			path = Presenter;
			sourceTree = "<group>";
		};
		9A749F8628F5FD3100D06253 /* Entities */ = {
			isa = PBXGroup;
			children = (
				9AD9C34428F5B0C500CEE4ED /* RegisterDataValidator.swift */,
			);
			path = Entities;
			sourceTree = "<group>";
		};
		9A749F8728F5FD4000D06253 /* Router */ = {
			isa = PBXGroup;
			children = (
				9A9C30EF28EE2D5100015B19 /* RegisterRouter.swift */,
				9A749F8828F5FD5900D06253 /* RegisterRouterProtocol.swift */,
			);
			path = Router;
			sourceTree = "<group>";
		};
		9A749F8A28F5FE4500D06253 /* Login */ = {
			isa = PBXGroup;
			children = (
			);
			path = Login;
			sourceTree = "<group>";
		};
		9A749F9028F5FF5D00D06253 /* Splash */ = {
			isa = PBXGroup;
			children = (
				9A749F9128F5FF7900D06253 /* SplashViewController.swift */,
				9A749F9228F5FF7900D06253 /* SplashViewController.xib */,
				9A749F9528F6003F00D06253 /* SplashRouter.swift */,
				9A749F9728F6076C00D06253 /* SplashPresenter.swift */,
				9A749F9928F607CB00D06253 /* SplashInteractor.swift */,
			);
			path = Splash;
			sourceTree = "<group>";
		};
		9A749FB128F740E400D06253 /* View */ = {
			isa = PBXGroup;
			children = (
				9A749FC728F858E100D06253 /* Cells */,
				9A749F9B28F639DA00D06253 /* HomeViewController.swift */,
				9A749F9C28F639DA00D06253 /* HomeViewController.xib */,
			);
			path = View;
			sourceTree = "<group>";
		};
		9A749FB628F74A5C00D06253 /* Models */ = {
			isa = PBXGroup;
			children = (
				9A749FAF28F737E400D06253 /* Post.swift */,
			);
			path = Models;
			sourceTree = "<group>";
		};
		9A749FB728F74D1200D06253 /* SideMenu */ = {
			isa = PBXGroup;
			children = (
				9AB96BE12902E08F00A3BB55 /* Views */,
				9A749FB828F74D2700D06253 /* SideMenuViewController.swift */,
				9A749FB928F74D2700D06253 /* SideMenuViewController.xib */,
				9A749FBD28F8441300D06253 /* SideMenuPresenter.swift */,
				9A749FBF28F8441F00D06253 /* SideMenuRouter.swift */,
			);
			path = SideMenu;
			sourceTree = "<group>";
		};
		9A749FBC28F7566600D06253 /* Detail */ = {
			isa = PBXGroup;
			children = (
				9A749FC128F84DF600D06253 /* ApodDetailViewController.swift */,
				9A749FC228F84DF600D06253 /* ApodDetailViewController.xib */,
				9A749FC528F84FA500D06253 /* ApodDetailPresenter.swift */,
			);
			path = Detail;
			sourceTree = "<group>";
		};
		9A749FC728F858E100D06253 /* Cells */ = {
			isa = PBXGroup;
			children = (
				9A749FB228F7410B00D06253 /* HomePostTableViewCell.swift */,
				9A749FB328F7410B00D06253 /* HomePostTableViewCell.xib */,
			);
			path = Cells;
			sourceTree = "<group>";
		};
		9A86E8672900A84600C7A5A9 /* Models */ = {
			isa = PBXGroup;
			children = (
				9A69003328FF007600F591F8 /* CustomUser.swift */,
			);
			path = Models;
			sourceTree = "<group>";
		};
		9A9C309E28EE081A00015B19 = {
			isa = PBXGroup;
			children = (
				9A9C30A928EE081A00015B19 /* sample */,
				9A9C30C028EE081B00015B19 /* sampleTests */,
				9A9C30CA28EE081B00015B19 /* sampleUITests */,
				9A9C30A828EE081A00015B19 /* Products */,
				C49B7DBBA7546D9B87801616 /* Pods */,
				C4471A55873DCF281DA54699 /* Frameworks */,
			);
			sourceTree = "<group>";
		};
		9A9C30A828EE081A00015B19 /* Products */ = {
			isa = PBXGroup;
			children = (
				9A9C30A728EE081A00015B19 /* sample.app */,
				9A9C30BD28EE081B00015B19 /* sampleTests.xctest */,
			);
			name = Products;
			sourceTree = "<group>";
		};
		9A9C30A928EE081A00015B19 /* sample */ = {
			isa = PBXGroup;
			children = (
				9A86E8672900A84600C7A5A9 /* Models */,
				9AB7CB0728F0800000C2F47A /* Common */,
				9AA14FA628EE4BB3006A3BDF /* Firebase */,
				9A749F9028F5FF5D00D06253 /* Splash */,
				9A9C30E528EE2BF300015B19 /* Register */,
				9AA14FB528EEFCDE006A3BDF /* Login */,
				9A69002428FDCE1F00F591F8 /* EditProfile */,
				9AA14FB428EEFCD8006A3BDF /* Home */,
				9A749FB728F74D1200D06253 /* SideMenu */,
				9A749FBC28F7566600D06253 /* Detail */,
				9A9C30AA28EE081A00015B19 /* AppDelegate.swift */,
				9A9C30AC28EE081A00015B19 /* SceneDelegate.swift */,
				9A9C30B328EE081B00015B19 /* Assets.xcassets */,
				9A9C30B528EE081B00015B19 /* LaunchScreen.storyboard */,
				9A9A88022901DD360044B871 /* GoogleService-Info.plist */,
				9A9C30B828EE081B00015B19 /* Info.plist */,
			);
			path = sample;
			sourceTree = "<group>";
		};
		9A9C30C028EE081B00015B19 /* sampleTests */ = {
			isa = PBXGroup;
			children = (
				9A749F8A28F5FE4500D06253 /* Login */,
				9A749F8228F5F90000D06253 /* Home */,
				9AA14FA928EE56B1006A3BDF /* Firebase */,
				9A9C30E628EE2CE800015B19 /* Register */,
			);
			path = sampleTests;
			sourceTree = "<group>";
		};
		9A9C30CA28EE081B00015B19 /* sampleUITests */ = {
			isa = PBXGroup;
			children = (
				9A9C30CB28EE081B00015B19 /* sampleUITests.swift */,
				9A9C30CD28EE081B00015B19 /* sampleUITestsLaunchTests.swift */,
			);
			path = sampleUITests;
			sourceTree = "<group>";
		};
		9A9C30E528EE2BF300015B19 /* Register */ = {
			isa = PBXGroup;
			children = (
				9A749F8728F5FD4000D06253 /* Router */,
				9A749F8628F5FD3100D06253 /* Entities */,
				9A749F8528F5FD1300D06253 /* Presenter */,
				9A749F8428F5FD0200D06253 /* Interactor */,
				9A749F8328F5FCEE00D06253 /* View */,
			);
			path = Register;
			sourceTree = "<group>";
		};
		9A9C30E628EE2CE800015B19 /* Register */ = {
			isa = PBXGroup;
			children = (
				9AA14FAC28EE61BD006A3BDF /* RegisterPresenterTests.swift */,
				9AA14FAE28EE64E6006A3BDF /* RegisterInteractorTests.swift */,
				9AA14FB228EEF9D3006A3BDF /* MockRegisterPresenter.swift */,
			);
			path = Register;
			sourceTree = "<group>";
		};
		9AA14FA628EE4BB3006A3BDF /* Firebase */ = {
			isa = PBXGroup;
			children = (
				9AA14FA728EE4BDC006A3BDF /* FirebaseAuthManager.swift */,
				9A749FCA28F8898F00D06253 /* StorageManager.swift */,
				9A69002D28FEF1EA00F591F8 /* DatabaseManager.swift */,
			);
			path = Firebase;
			sourceTree = "<group>";
		};
		9AA14FA928EE56B1006A3BDF /* Firebase */ = {
			isa = PBXGroup;
			children = (
				9AA14FB028EEF99B006A3BDF /* MockFirebaseAuthManager.swift */,
				9AA14FAA28EE56D4006A3BDF /* FirebaseAuthManagerTests.swift */,
				9A69002228FDC4BA00F591F8 /* StorageManagerTests.swift */,
				9A69003128FEF7B900F591F8 /* DatabaseManagerTests.swift */,
			);
			path = Firebase;
			sourceTree = "<group>";
		};
		9AA14FB428EEFCD8006A3BDF /* Home */ = {
			isa = PBXGroup;
			children = (
				9A749FB628F74A5C00D06253 /* Models */,
				9A749FB128F740E400D06253 /* View */,
				9A749FA728F7331900D06253 /* HomePresenter.swift */,
				9A749FA928F7333500D06253 /* HomeInteractor.swift */,
				9A749FAB28F7335400D06253 /* HomeRouter.swift */,
				9A749FAD28F7352400D06253 /* ApodHTTPClient.swift */,
			);
			path = Home;
			sourceTree = "<group>";
		};
		9AA14FB528EEFCDE006A3BDF /* Login */ = {
			isa = PBXGroup;
			children = (
				9A749F9F28F6EEA800D06253 /* LoginPresenter.swift */,
				9A749FA128F6EEB300D06253 /* LoginInteractor.swift */,
				9A749FA328F6F2FE00D06253 /* LoginRouter.swift */,
				9A749F8C28F5FE8E00D06253 /* EmailLoginViewController.swift */,
				9A749F8D28F5FE8E00D06253 /* EmailLoginViewController.xib */,
			);
			path = Login;
			sourceTree = "<group>";
		};
		9AB7CB0728F0800000C2F47A /* Common */ = {
			isa = PBXGroup;
			children = (
				9AB7CB0828F0802200C2F47A /* Buttons.swift */,
				9A749FC828F8603F00D06253 /* Textfields.swift */,
				9A749FA528F6F5E500D06253 /* UIViewController+Extension.swift */,
				9A7CBEC92900478300436F85 /* Utils.swift */,
				9A86E8682900ACD300C7A5A9 /* KeyboardNotificationHandler.swift */,
				9A9A88002901D71E0044B871 /* UIImage+Extension.swift */,
			);
			path = Common;
			sourceTree = "<group>";
		};
		9AB96BE12902E08F00A3BB55 /* Views */ = {
			isa = PBXGroup;
			children = (
				9AB96BE42902E0EF00A3BB55 /* SideMenuSwitchOptionView.xib */,
				9AB96BE62902E17000A3BB55 /* SideMenuSwitchOptionView.swift */,
			);
			path = Views;
			sourceTree = "<group>";
		};
		C4471A55873DCF281DA54699 /* Frameworks */ = {
			isa = PBXGroup;
			children = (
				9756AAE6E019706BCFC6AEC3 /* Pods_sample.framework */,
				58D1C89E283BF3C406450614 /* Pods_sample_sampleUITests.framework */,
				A6E906298DCBFC7DFC28D698 /* Pods_sampleTests.framework */,
			);
			name = Frameworks;
			sourceTree = "<group>";
		};
		C49B7DBBA7546D9B87801616 /* Pods */ = {
			isa = PBXGroup;
			children = (
				B95967AB811F782C409E90DB /* Pods-sample.debug.xcconfig */,
				B4C504270917DBB6DF416FF5 /* Pods-sample.release.xcconfig */,
				481E0AF7403A9048177212E3 /* Pods-sample-sampleUITests.debug.xcconfig */,
				11EC830051725B8FD2FE5729 /* Pods-sample-sampleUITests.release.xcconfig */,
				A65FC8D132205B508771C378 /* Pods-sampleTests.debug.xcconfig */,
				A94E2F6E8BC377B9F165E9B9 /* Pods-sampleTests.release.xcconfig */,
			);
			path = Pods;
			sourceTree = "<group>";
		};
/* End PBXGroup section */

/* Begin PBXNativeTarget section */
		9A9C30A628EE081A00015B19 /* sample */ = {
			isa = PBXNativeTarget;
			buildConfigurationList = 9A9C30D128EE081B00015B19 /* Build configuration list for PBXNativeTarget "sample" */;
			buildPhases = (
				39A8B50A9BDF3F5AA5CC639A /* [CP] Check Pods Manifest.lock */,
				9A9C30A328EE081A00015B19 /* Sources */,
				9A9C30A428EE081A00015B19 /* Frameworks */,
				9A9C30A528EE081A00015B19 /* Resources */,
				7ECB0B2D04FAF247D6A77B0D /* [CP] Embed Pods Frameworks */,
			);
			buildRules = (
			);
			dependencies = (
			);
			name = sample;
			productName = sample;
			productReference = 9A9C30A728EE081A00015B19 /* sample.app */;
			productType = "com.apple.product-type.application";
		};
		9A9C30BC28EE081B00015B19 /* sampleTests */ = {
			isa = PBXNativeTarget;
			buildConfigurationList = 9A9C30D428EE081B00015B19 /* Build configuration list for PBXNativeTarget "sampleTests" */;
			buildPhases = (
				C888A35F2F1164F10B15840F /* [CP] Check Pods Manifest.lock */,
				9A9C30B928EE081B00015B19 /* Sources */,
				9A9C30BA28EE081B00015B19 /* Frameworks */,
				9A9C30BB28EE081B00015B19 /* Resources */,
			);
			buildRules = (
			);
			dependencies = (
				9A9C30BF28EE081B00015B19 /* PBXTargetDependency */,
			);
			name = sampleTests;
			productName = sampleTests;
			productReference = 9A9C30BD28EE081B00015B19 /* sampleTests.xctest */;
			productType = "com.apple.product-type.bundle.unit-test";
		};
/* End PBXNativeTarget section */

/* Begin PBXProject section */
		9A9C309F28EE081A00015B19 /* Project object */ = {
			isa = PBXProject;
			attributes = {
				BuildIndependentTargetsInParallel = 1;
				LastSwiftUpdateCheck = 1400;
				LastUpgradeCheck = 1400;
				TargetAttributes = {
					9A9C30A628EE081A00015B19 = {
						CreatedOnToolsVersion = 14.0.1;
					};
					9A9C30BC28EE081B00015B19 = {
						CreatedOnToolsVersion = 14.0.1;
						TestTargetID = 9A9C30A628EE081A00015B19;
					};
				};
			};
			buildConfigurationList = 9A9C30A228EE081A00015B19 /* Build configuration list for PBXProject "sample" */;
			compatibilityVersion = "Xcode 14.0";
			developmentRegion = en;
			hasScannedForEncodings = 0;
			knownRegions = (
				en,
				Base,
			);
			mainGroup = 9A9C309E28EE081A00015B19;
			productRefGroup = 9A9C30A828EE081A00015B19 /* Products */;
			projectDirPath = "";
			projectRoot = "";
			targets = (
				9A9C30A628EE081A00015B19 /* sample */,
				9A9C30BC28EE081B00015B19 /* sampleTests */,
			);
		};
/* End PBXProject section */

/* Begin PBXResourcesBuildPhase section */
		9A9C30A528EE081A00015B19 /* Resources */ = {
			isa = PBXResourcesBuildPhase;
			buildActionMask = 2147483647;
			files = (
				9A9C30B728EE081B00015B19 /* LaunchScreen.storyboard in Resources */,
				9AB96BE52902E0EF00A3BB55 /* SideMenuSwitchOptionView.xib in Resources */,
				9A749F9428F5FF7900D06253 /* SplashViewController.xib in Resources */,
				9A9C30B428EE081B00015B19 /* Assets.xcassets in Resources */,
				9A749FB528F7410B00D06253 /* HomePostTableViewCell.xib in Resources */,
				9A69002828FDCE3500F591F8 /* EditProfileViewController.xib in Resources */,
				9A749FC428F84DF600D06253 /* ApodDetailViewController.xib in Resources */,
				9A749F8F28F5FE8E00D06253 /* EmailLoginViewController.xib in Resources */,
				9A749F9E28F639DA00D06253 /* HomeViewController.xib in Resources */,
				9A9A88032901DD370044B871 /* GoogleService-Info.plist in Resources */,
				9A9C30EA28EE2D1500015B19 /* RegisterViewController.xib in Resources */,
				9A749FBB28F74D2700D06253 /* SideMenuViewController.xib in Resources */,
			);
			runOnlyForDeploymentPostprocessing = 0;
		};
		9A9C30BB28EE081B00015B19 /* Resources */ = {
			isa = PBXResourcesBuildPhase;
			buildActionMask = 2147483647;
			files = (
			);
			runOnlyForDeploymentPostprocessing = 0;
		};
/* End PBXResourcesBuildPhase section */

/* Begin PBXShellScriptBuildPhase section */
		39A8B50A9BDF3F5AA5CC639A /* [CP] Check Pods Manifest.lock */ = {
			isa = PBXShellScriptBuildPhase;
			buildActionMask = 2147483647;
			files = (
			);
			inputFileListPaths = (
			);
			inputPaths = (
				"${PODS_PODFILE_DIR_PATH}/Podfile.lock",
				"${PODS_ROOT}/Manifest.lock",
			);
			name = "[CP] Check Pods Manifest.lock";
			outputFileListPaths = (
			);
			outputPaths = (
				"$(DERIVED_FILE_DIR)/Pods-sample-checkManifestLockResult.txt",
			);
			runOnlyForDeploymentPostprocessing = 0;
			shellPath = /bin/sh;
			shellScript = "diff \"${PODS_PODFILE_DIR_PATH}/Podfile.lock\" \"${PODS_ROOT}/Manifest.lock\" > /dev/null\nif [ $? != 0 ] ; then\n    # print error to STDERR\n    echo \"error: The sandbox is not in sync with the Podfile.lock. Run 'pod install' or update your CocoaPods installation.\" >&2\n    exit 1\nfi\n# This output is used by Xcode 'outputs' to avoid re-running this script phase.\necho \"SUCCESS\" > \"${SCRIPT_OUTPUT_FILE_0}\"\n";
			showEnvVarsInLog = 0;
		};
		7ECB0B2D04FAF247D6A77B0D /* [CP] Embed Pods Frameworks */ = {
			isa = PBXShellScriptBuildPhase;
			buildActionMask = 2147483647;
			files = (
			);
			inputFileListPaths = (
				"${PODS_ROOT}/Target Support Files/Pods-sample/Pods-sample-frameworks-${CONFIGURATION}-input-files.xcfilelist",
			);
			name = "[CP] Embed Pods Frameworks";
			outputFileListPaths = (
				"${PODS_ROOT}/Target Support Files/Pods-sample/Pods-sample-frameworks-${CONFIGURATION}-output-files.xcfilelist",
			);
			runOnlyForDeploymentPostprocessing = 0;
			shellPath = /bin/sh;
			shellScript = "\"${PODS_ROOT}/Target Support Files/Pods-sample/Pods-sample-frameworks.sh\"\n";
			showEnvVarsInLog = 0;
		};
		C888A35F2F1164F10B15840F /* [CP] Check Pods Manifest.lock */ = {
			isa = PBXShellScriptBuildPhase;
			buildActionMask = 2147483647;
			files = (
			);
			inputFileListPaths = (
			);
			inputPaths = (
				"${PODS_PODFILE_DIR_PATH}/Podfile.lock",
				"${PODS_ROOT}/Manifest.lock",
			);
			name = "[CP] Check Pods Manifest.lock";
			outputFileListPaths = (
			);
			outputPaths = (
				"$(DERIVED_FILE_DIR)/Pods-sampleTests-checkManifestLockResult.txt",
			);
			runOnlyForDeploymentPostprocessing = 0;
			shellPath = /bin/sh;
			shellScript = "diff \"${PODS_PODFILE_DIR_PATH}/Podfile.lock\" \"${PODS_ROOT}/Manifest.lock\" > /dev/null\nif [ $? != 0 ] ; then\n    # print error to STDERR\n    echo \"error: The sandbox is not in sync with the Podfile.lock. Run 'pod install' or update your CocoaPods installation.\" >&2\n    exit 1\nfi\n# This output is used by Xcode 'outputs' to avoid re-running this script phase.\necho \"SUCCESS\" > \"${SCRIPT_OUTPUT_FILE_0}\"\n";
			showEnvVarsInLog = 0;
		};
/* End PBXShellScriptBuildPhase section */

/* Begin PBXSourcesBuildPhase section */
		9A9C30A328EE081A00015B19 /* Sources */ = {
			isa = PBXSourcesBuildPhase;
			buildActionMask = 2147483647;
			files = (
				9A749F8928F5FD5900D06253 /* RegisterRouterProtocol.swift in Sources */,
				9A749F8E28F5FE8E00D06253 /* EmailLoginViewController.swift in Sources */,
				9A749FB428F7410B00D06253 /* HomePostTableViewCell.swift in Sources */,
				9A749FCB28F8898F00D06253 /* StorageManager.swift in Sources */,
				9A69003428FF007600F591F8 /* CustomUser.swift in Sources */,
				9A69002A28FDD03E00F591F8 /* EditProfilePresenter.swift in Sources */,
				9A749FA228F6EEB300D06253 /* LoginInteractor.swift in Sources */,
				9A749FC928F8603F00D06253 /* Textfields.swift in Sources */,
				9A86E8692900ACD300C7A5A9 /* KeyboardNotificationHandler.swift in Sources */,
				9A749F9D28F639DA00D06253 /* HomeViewController.swift in Sources */,
				9A749FC628F84FA500D06253 /* ApodDetailPresenter.swift in Sources */,
				9A9C30EC28EE2D2200015B19 /* RegisterInteractor.swift in Sources */,
				9A749FA028F6EEA800D06253 /* LoginPresenter.swift in Sources */,
				9AB7CB0228F05A5A00C2F47A /* RegisterPresenterProtocol.swift in Sources */,
				9A749FA628F6F5E500D06253 /* UIViewController+Extension.swift in Sources */,
				9A749FAA28F7333500D06253 /* HomeInteractor.swift in Sources */,
				9A749FC028F8441F00D06253 /* SideMenuRouter.swift in Sources */,
				9A9C30F028EE2D5100015B19 /* RegisterRouter.swift in Sources */,
				9A7CBECA2900478300436F85 /* Utils.swift in Sources */,
				9A749FA428F6F2FE00D06253 /* LoginRouter.swift in Sources */,
				9AD9C34528F5B0C500CEE4ED /* RegisterDataValidator.swift in Sources */,
				9AB7CB0428F05AC200C2F47A /* RegisterInteractorProtocol.swift in Sources */,
				9A749F9A28F607CB00D06253 /* SplashInteractor.swift in Sources */,
				9A9C30E928EE2D1500015B19 /* RegisterViewController.swift in Sources */,
				9A69002C28FDD4C200F591F8 /* EditProfileRouter.swift in Sources */,
				9AA14FA828EE4BDC006A3BDF /* FirebaseAuthManager.swift in Sources */,
				9A749FAE28F7352400D06253 /* ApodHTTPClient.swift in Sources */,
				9AB96BE72902E17000A3BB55 /* SideMenuSwitchOptionView.swift in Sources */,
				9A749FA828F7331900D06253 /* HomePresenter.swift in Sources */,
				9A749FC328F84DF600D06253 /* ApodDetailViewController.swift in Sources */,
				9A749F9628F6003F00D06253 /* SplashRouter.swift in Sources */,
				9A749FB028F737E400D06253 /* Post.swift in Sources */,
				9A9A88012901D71E0044B871 /* UIImage+Extension.swift in Sources */,
				9A749F9328F5FF7900D06253 /* SplashViewController.swift in Sources */,
				9A749FAC28F7335400D06253 /* HomeRouter.swift in Sources */,
				9A69002728FDCE3500F591F8 /* EditProfileViewController.swift in Sources */,
				9A749F9828F6076C00D06253 /* SplashPresenter.swift in Sources */,
				9A69002E28FEF1EA00F591F8 /* DatabaseManager.swift in Sources */,
				9A749FBE28F8441300D06253 /* SideMenuPresenter.swift in Sources */,
				9A9C30EE28EE2D3400015B19 /* RegisterPresenter.swift in Sources */,
				9AB7CB0628F05AEE00C2F47A /* RegisterViewProtocol.swift in Sources */,
				9A9C30AB28EE081A00015B19 /* AppDelegate.swift in Sources */,
				9AB7CB0928F0802200C2F47A /* Buttons.swift in Sources */,
				9A749FBA28F74D2700D06253 /* SideMenuViewController.swift in Sources */,
				9A9C30AD28EE081A00015B19 /* SceneDelegate.swift in Sources */,
			);
			runOnlyForDeploymentPostprocessing = 0;
		};
		9A9C30B928EE081B00015B19 /* Sources */ = {
			isa = PBXSourcesBuildPhase;
			buildActionMask = 2147483647;
			files = (
				9AA14FB128EEF99B006A3BDF /* MockFirebaseAuthManager.swift in Sources */,
				9AA14FAB28EE56D4006A3BDF /* FirebaseAuthManagerTests.swift in Sources */,
				9AA14FAD28EE61BD006A3BDF /* RegisterPresenterTests.swift in Sources */,
				9A69002328FDC4BA00F591F8 /* StorageManagerTests.swift in Sources */,
				9A69003228FEF7B900F591F8 /* DatabaseManagerTests.swift in Sources */,
				9AA14FB328EEF9D3006A3BDF /* MockRegisterPresenter.swift in Sources */,
				9AA14FAF28EE64E6006A3BDF /* RegisterInteractorTests.swift in Sources */,
			);
			runOnlyForDeploymentPostprocessing = 0;
		};
/* End PBXSourcesBuildPhase section */

/* Begin PBXTargetDependency section */
		9A9C30BF28EE081B00015B19 /* PBXTargetDependency */ = {
			isa = PBXTargetDependency;
			target = 9A9C30A628EE081A00015B19 /* sample */;
			targetProxy = 9A9C30BE28EE081B00015B19 /* PBXContainerItemProxy */;
		};
/* End PBXTargetDependency section */

/* Begin PBXVariantGroup section */
		9A9C30B528EE081B00015B19 /* LaunchScreen.storyboard */ = {
			isa = PBXVariantGroup;
			children = (
				9A9C30B628EE081B00015B19 /* Base */,
			);
			name = LaunchScreen.storyboard;
			sourceTree = "<group>";
		};
/* End PBXVariantGroup section */

/* Begin XCBuildConfiguration section */
		9A9C30CF28EE081B00015B19 /* Debug */ = {
			isa = XCBuildConfiguration;
			buildSettings = {
				ALWAYS_SEARCH_USER_PATHS = NO;
				CLANG_ANALYZER_NONNULL = YES;
				CLANG_ANALYZER_NUMBER_OBJECT_CONVERSION = YES_AGGRESSIVE;
				CLANG_CXX_LANGUAGE_STANDARD = "gnu++20";
				CLANG_ENABLE_MODULES = YES;
				CLANG_ENABLE_OBJC_ARC = YES;
				CLANG_ENABLE_OBJC_WEAK = YES;
				CLANG_WARN_BLOCK_CAPTURE_AUTORELEASING = YES;
				CLANG_WARN_BOOL_CONVERSION = YES;
				CLANG_WARN_COMMA = YES;
				CLANG_WARN_CONSTANT_CONVERSION = YES;
				CLANG_WARN_DEPRECATED_OBJC_IMPLEMENTATIONS = YES;
				CLANG_WARN_DIRECT_OBJC_ISA_USAGE = YES_ERROR;
				CLANG_WARN_DOCUMENTATION_COMMENTS = YES;
				CLANG_WARN_EMPTY_BODY = YES;
				CLANG_WARN_ENUM_CONVERSION = YES;
				CLANG_WARN_INFINITE_RECURSION = YES;
				CLANG_WARN_INT_CONVERSION = YES;
				CLANG_WARN_NON_LITERAL_NULL_CONVERSION = YES;
				CLANG_WARN_OBJC_IMPLICIT_RETAIN_SELF = YES;
				CLANG_WARN_OBJC_LITERAL_CONVERSION = YES;
				CLANG_WARN_OBJC_ROOT_CLASS = YES_ERROR;
				CLANG_WARN_QUOTED_INCLUDE_IN_FRAMEWORK_HEADER = YES;
				CLANG_WARN_RANGE_LOOP_ANALYSIS = YES;
				CLANG_WARN_STRICT_PROTOTYPES = YES;
				CLANG_WARN_SUSPICIOUS_MOVE = YES;
				CLANG_WARN_UNGUARDED_AVAILABILITY = YES_AGGRESSIVE;
				CLANG_WARN_UNREACHABLE_CODE = YES;
				CLANG_WARN__DUPLICATE_METHOD_MATCH = YES;
				COPY_PHASE_STRIP = NO;
				DEBUG_INFORMATION_FORMAT = dwarf;
				ENABLE_STRICT_OBJC_MSGSEND = YES;
				ENABLE_TESTABILITY = YES;
				GCC_C_LANGUAGE_STANDARD = gnu11;
				GCC_DYNAMIC_NO_PIC = NO;
				GCC_NO_COMMON_BLOCKS = YES;
				GCC_OPTIMIZATION_LEVEL = 0;
				GCC_PREPROCESSOR_DEFINITIONS = (
					"DEBUG=1",
					"$(inherited)",
				);
				GCC_WARN_64_TO_32_BIT_CONVERSION = YES;
				GCC_WARN_ABOUT_RETURN_TYPE = YES_ERROR;
				GCC_WARN_UNDECLARED_SELECTOR = YES;
				GCC_WARN_UNINITIALIZED_AUTOS = YES_AGGRESSIVE;
				GCC_WARN_UNUSED_FUNCTION = YES;
				GCC_WARN_UNUSED_VARIABLE = YES;
				IPHONEOS_DEPLOYMENT_TARGET = 16.0;
				MTL_ENABLE_DEBUG_INFO = INCLUDE_SOURCE;
				MTL_FAST_MATH = YES;
				ONLY_ACTIVE_ARCH = YES;
				SDKROOT = iphoneos;
				SWIFT_ACTIVE_COMPILATION_CONDITIONS = DEBUG;
				SWIFT_OPTIMIZATION_LEVEL = "-Onone";
			};
			name = Debug;
		};
		9A9C30D028EE081B00015B19 /* Release */ = {
			isa = XCBuildConfiguration;
			buildSettings = {
				ALWAYS_SEARCH_USER_PATHS = NO;
				CLANG_ANALYZER_NONNULL = YES;
				CLANG_ANALYZER_NUMBER_OBJECT_CONVERSION = YES_AGGRESSIVE;
				CLANG_CXX_LANGUAGE_STANDARD = "gnu++20";
				CLANG_ENABLE_MODULES = YES;
				CLANG_ENABLE_OBJC_ARC = YES;
				CLANG_ENABLE_OBJC_WEAK = YES;
				CLANG_WARN_BLOCK_CAPTURE_AUTORELEASING = YES;
				CLANG_WARN_BOOL_CONVERSION = YES;
				CLANG_WARN_COMMA = YES;
				CLANG_WARN_CONSTANT_CONVERSION = YES;
				CLANG_WARN_DEPRECATED_OBJC_IMPLEMENTATIONS = YES;
				CLANG_WARN_DIRECT_OBJC_ISA_USAGE = YES_ERROR;
				CLANG_WARN_DOCUMENTATION_COMMENTS = YES;
				CLANG_WARN_EMPTY_BODY = YES;
				CLANG_WARN_ENUM_CONVERSION = YES;
				CLANG_WARN_INFINITE_RECURSION = YES;
				CLANG_WARN_INT_CONVERSION = YES;
				CLANG_WARN_NON_LITERAL_NULL_CONVERSION = YES;
				CLANG_WARN_OBJC_IMPLICIT_RETAIN_SELF = YES;
				CLANG_WARN_OBJC_LITERAL_CONVERSION = YES;
				CLANG_WARN_OBJC_ROOT_CLASS = YES_ERROR;
				CLANG_WARN_QUOTED_INCLUDE_IN_FRAMEWORK_HEADER = YES;
				CLANG_WARN_RANGE_LOOP_ANALYSIS = YES;
				CLANG_WARN_STRICT_PROTOTYPES = YES;
				CLANG_WARN_SUSPICIOUS_MOVE = YES;
				CLANG_WARN_UNGUARDED_AVAILABILITY = YES_AGGRESSIVE;
				CLANG_WARN_UNREACHABLE_CODE = YES;
				CLANG_WARN__DUPLICATE_METHOD_MATCH = YES;
				COPY_PHASE_STRIP = NO;
				DEBUG_INFORMATION_FORMAT = "dwarf-with-dsym";
				ENABLE_NS_ASSERTIONS = NO;
				ENABLE_STRICT_OBJC_MSGSEND = YES;
				GCC_C_LANGUAGE_STANDARD = gnu11;
				GCC_NO_COMMON_BLOCKS = YES;
				GCC_WARN_64_TO_32_BIT_CONVERSION = YES;
				GCC_WARN_ABOUT_RETURN_TYPE = YES_ERROR;
				GCC_WARN_UNDECLARED_SELECTOR = YES;
				GCC_WARN_UNINITIALIZED_AUTOS = YES_AGGRESSIVE;
				GCC_WARN_UNUSED_FUNCTION = YES;
				GCC_WARN_UNUSED_VARIABLE = YES;
				IPHONEOS_DEPLOYMENT_TARGET = 16.0;
				MTL_ENABLE_DEBUG_INFO = NO;
				MTL_FAST_MATH = YES;
				SDKROOT = iphoneos;
				SWIFT_COMPILATION_MODE = wholemodule;
				SWIFT_OPTIMIZATION_LEVEL = "-O";
				VALIDATE_PRODUCT = YES;
			};
			name = Release;
		};
		9A9C30D228EE081B00015B19 /* Debug */ = {
			isa = XCBuildConfiguration;
			baseConfigurationReference = B95967AB811F782C409E90DB /* Pods-sample.debug.xcconfig */;
			buildSettings = {
				ASSETCATALOG_COMPILER_APPICON_NAME = AppIcon;
				ASSETCATALOG_COMPILER_GLOBAL_ACCENT_COLOR_NAME = AccentColor;
				CODE_SIGN_STYLE = Automatic;
				CURRENT_PROJECT_VERSION = 1;
				DEVELOPMENT_TEAM = DMLJBKHRZ6;
				GENERATE_INFOPLIST_FILE = YES;
				INFOPLIST_FILE = sample/Info.plist;
				INFOPLIST_KEY_UIApplicationSupportsIndirectInputEvents = YES;
				INFOPLIST_KEY_UILaunchStoryboardName = LaunchScreen;
				INFOPLIST_KEY_UISupportedInterfaceOrientations_iPad = "UIInterfaceOrientationPortrait UIInterfaceOrientationPortraitUpsideDown UIInterfaceOrientationLandscapeLeft UIInterfaceOrientationLandscapeRight";
				INFOPLIST_KEY_UISupportedInterfaceOrientations_iPhone = "UIInterfaceOrientationPortrait UIInterfaceOrientationLandscapeLeft UIInterfaceOrientationLandscapeRight";
				IPHONEOS_DEPLOYMENT_TARGET = 15.0;
				LD_RUNPATH_SEARCH_PATHS = (
					"$(inherited)",
					"@executable_path/Frameworks",
				);
				MARKETING_VERSION = 1.0;
				PRODUCT_BUNDLE_IDENTIFIER = com.leandroberli.sample;
				PRODUCT_NAME = "$(TARGET_NAME)";
				SWIFT_EMIT_LOC_STRINGS = YES;
				SWIFT_VERSION = 5.0;
				TARGETED_DEVICE_FAMILY = "1,2";
			};
			name = Debug;
		};
		9A9C30D328EE081B00015B19 /* Release */ = {
			isa = XCBuildConfiguration;
			baseConfigurationReference = B4C504270917DBB6DF416FF5 /* Pods-sample.release.xcconfig */;
			buildSettings = {
				ASSETCATALOG_COMPILER_APPICON_NAME = AppIcon;
				ASSETCATALOG_COMPILER_GLOBAL_ACCENT_COLOR_NAME = AccentColor;
				CODE_SIGN_STYLE = Automatic;
				CURRENT_PROJECT_VERSION = 1;
				DEVELOPMENT_TEAM = DMLJBKHRZ6;
				GENERATE_INFOPLIST_FILE = YES;
				INFOPLIST_FILE = sample/Info.plist;
				INFOPLIST_KEY_UIApplicationSupportsIndirectInputEvents = YES;
				INFOPLIST_KEY_UILaunchStoryboardName = LaunchScreen;
				INFOPLIST_KEY_UISupportedInterfaceOrientations_iPad = "UIInterfaceOrientationPortrait UIInterfaceOrientationPortraitUpsideDown UIInterfaceOrientationLandscapeLeft UIInterfaceOrientationLandscapeRight";
				INFOPLIST_KEY_UISupportedInterfaceOrientations_iPhone = "UIInterfaceOrientationPortrait UIInterfaceOrientationLandscapeLeft UIInterfaceOrientationLandscapeRight";
				IPHONEOS_DEPLOYMENT_TARGET = 15.0;
				LD_RUNPATH_SEARCH_PATHS = (
					"$(inherited)",
					"@executable_path/Frameworks",
				);
				MARKETING_VERSION = 1.0;
				PRODUCT_BUNDLE_IDENTIFIER = com.leandroberli.sample;
				PRODUCT_NAME = "$(TARGET_NAME)";
				SWIFT_EMIT_LOC_STRINGS = YES;
				SWIFT_VERSION = 5.0;
				TARGETED_DEVICE_FAMILY = "1,2";
			};
			name = Release;
		};
		9A9C30D528EE081B00015B19 /* Debug */ = {
			isa = XCBuildConfiguration;
			baseConfigurationReference = A65FC8D132205B508771C378 /* Pods-sampleTests.debug.xcconfig */;
			buildSettings = {
				ALWAYS_EMBED_SWIFT_STANDARD_LIBRARIES = YES;
				BUNDLE_LOADER = "$(TEST_HOST)";
				CODE_SIGN_STYLE = Automatic;
				CURRENT_PROJECT_VERSION = 1;
				DEVELOPMENT_TEAM = DMLJBKHRZ6;
				GENERATE_INFOPLIST_FILE = YES;
				IPHONEOS_DEPLOYMENT_TARGET = 16.0;
				MARKETING_VERSION = 1.0;
				PRODUCT_BUNDLE_IDENTIFIER = com.leandroberli.sampleTests;
				PRODUCT_NAME = "$(TARGET_NAME)";
				SWIFT_EMIT_LOC_STRINGS = NO;
				SWIFT_VERSION = 5.0;
				TARGETED_DEVICE_FAMILY = "1,2";
				TEST_HOST = "$(BUILT_PRODUCTS_DIR)/sample.app/$(BUNDLE_EXECUTABLE_FOLDER_PATH)/sample";
			};
			name = Debug;
		};
		9A9C30D628EE081B00015B19 /* Release */ = {
			isa = XCBuildConfiguration;
			baseConfigurationReference = A94E2F6E8BC377B9F165E9B9 /* Pods-sampleTests.release.xcconfig */;
			buildSettings = {
				ALWAYS_EMBED_SWIFT_STANDARD_LIBRARIES = YES;
				BUNDLE_LOADER = "$(TEST_HOST)";
				CODE_SIGN_STYLE = Automatic;
				CURRENT_PROJECT_VERSION = 1;
				DEVELOPMENT_TEAM = DMLJBKHRZ6;
				GENERATE_INFOPLIST_FILE = YES;
				IPHONEOS_DEPLOYMENT_TARGET = 16.0;
				MARKETING_VERSION = 1.0;
				PRODUCT_BUNDLE_IDENTIFIER = com.leandroberli.sampleTests;
				PRODUCT_NAME = "$(TARGET_NAME)";
				SWIFT_EMIT_LOC_STRINGS = NO;
				SWIFT_VERSION = 5.0;
				TARGETED_DEVICE_FAMILY = "1,2";
				TEST_HOST = "$(BUILT_PRODUCTS_DIR)/sample.app/$(BUNDLE_EXECUTABLE_FOLDER_PATH)/sample";
			};
			name = Release;
		};
/* End XCBuildConfiguration section */

/* Begin XCConfigurationList section */
		9A9C30A228EE081A00015B19 /* Build configuration list for PBXProject "sample" */ = {
			isa = XCConfigurationList;
			buildConfigurations = (
				9A9C30CF28EE081B00015B19 /* Debug */,
				9A9C30D028EE081B00015B19 /* Release */,
			);
			defaultConfigurationIsVisible = 0;
			defaultConfigurationName = Release;
		};
		9A9C30D128EE081B00015B19 /* Build configuration list for PBXNativeTarget "sample" */ = {
			isa = XCConfigurationList;
			buildConfigurations = (
				9A9C30D228EE081B00015B19 /* Debug */,
				9A9C30D328EE081B00015B19 /* Release */,
			);
			defaultConfigurationIsVisible = 0;
			defaultConfigurationName = Release;
		};
		9A9C30D428EE081B00015B19 /* Build configuration list for PBXNativeTarget "sampleTests" */ = {
			isa = XCConfigurationList;
			buildConfigurations = (
				9A9C30D528EE081B00015B19 /* Debug */,
				9A9C30D628EE081B00015B19 /* Release */,
			);
			defaultConfigurationIsVisible = 0;
			defaultConfigurationName = Release;
		};
/* End XCConfigurationList section */
	};
	rootObject = 9A9C309F28EE081A00015B19 /* Project object */;
}
